
Microsoft Visual Studio Solution File, Format Version 11.00
# Visual Studio 2010
Project("{FAE04EC0-301F-11D3-BF4B-00C04F79EFBC}") = "Assembly-CSharp", "Assembly-CSharp.csproj", "{00F99886-E9FC-DAEA-64A3-CF005187FDC2}"
EndProject
Project("{FAE04EC0-301F-11D3-BF4B-00C04F79EFBC}") = "Assembly-CSharp-Editor", "Assembly-CSharp-Editor.csproj", "{00307658-78E0-CDED-B94A-1DEB88927F7D}"
EndProject
Global
	GlobalSection(SolutionConfigurationPlatforms) = preSolution
		Debug|Any CPU = Debug|Any CPU
		Release|Any CPU = Release|Any CPU
	EndGlobalSection
	GlobalSection(ProjectConfigurationPlatforms) = postSolution
		{00F99886-E9FC-DAEA-64A3-CF005187FDC2}.Debug|Any CPU.ActiveCfg = Debug|Any CPU
		{00F99886-E9FC-DAEA-64A3-CF005187FDC2}.Debug|Any CPU.Build.0 = Debug|Any CPU
		{00F99886-E9FC-DAEA-64A3-CF005187FDC2}.Release|Any CPU.ActiveCfg = Release|Any CPU
		{00F99886-E9FC-DAEA-64A3-CF005187FDC2}.Release|Any CPU.Build.0 = Release|Any CPU
		{00307658-78E0-CDED-B94A-1DEB88927F7D}.Debug|Any CPU.ActiveCfg = Debug|Any CPU
		{00307658-78E0-CDED-B94A-1DEB88927F7D}.Debug|Any CPU.Build.0 = Debug|Any CPU
		{00307658-78E0-CDED-B94A-1DEB88927F7D}.Release|Any CPU.ActiveCfg = Release|Any CPU
		{00307658-78E0-CDED-B94A-1DEB88927F7D}.Release|Any CPU.Build.0 = Release|Any CPU
	EndGlobalSection
	GlobalSection(SolutionProperties) = preSolution
		HideSolutionNode = FALSE
	EndGlobalSection
EndGlobal
